
Microsoft Visual Studio Solution File, Format Version 12.00
# Visual Studio 15
VisualStudioVersion = 15.0.28307.852
MinimumVisualStudioVersion = 10.0.40219.1
Project("{FAE04EC0-301F-11D3-BF4B-00C04F79EFBC}") = "ImageClassification", "ImageClassification\ImageClassification.csproj", "{36AB1C5E-47BA-48B4-92EC-ADBAABD8B4B3}"
EndProject
Project("{FAE04EC0-301F-11D3-BF4B-00C04F79EFBC}") = "Task1", "Task1\Task1.csproj", "{3C1247B5-8CCE-4D78-B0C8-90820AF1F4E8}"
EndProject
Global
	GlobalSection(SolutionConfigurationPlatforms) = preSolution
		Debug|Any CPU = Debug|Any CPU
		Release|Any CPU = Release|Any CPU
	EndGlobalSection
	GlobalSection(ProjectConfigurationPlatforms) = postSolution
		{36AB1C5E-47BA-48B4-92EC-ADBAABD8B4B3}.Debug|Any CPU.ActiveCfg = Debug|Any CPU
		{36AB1C5E-47BA-48B4-92EC-ADBAABD8B4B3}.Debug|Any CPU.Build.0 = Debug|Any CPU
		{36AB1C5E-47BA-48B4-92EC-ADBAABD8B4B3}.Release|Any CPU.ActiveCfg = Release|Any CPU
		{36AB1C5E-47BA-48B4-92EC-ADBAABD8B4B3}.Release|Any CPU.Build.0 = Release|Any CPU
		{3C1247B5-8CCE-4D78-B0C8-90820AF1F4E8}.Debug|Any CPU.ActiveCfg = Debug|Any CPU
		{3C1247B5-8CCE-4D78-B0C8-90820AF1F4E8}.Debug|Any CPU.Build.0 = Debug|Any CPU
		{3C1247B5-8CCE-4D78-B0C8-90820AF1F4E8}.Release|Any CPU.ActiveCfg = Release|Any CPU
		{3C1247B5-8CCE-4D78-B0C8-90820AF1F4E8}.Release|Any CPU.Build.0 = Release|Any CPU
	EndGlobalSection
	GlobalSection(SolutionProperties) = preSolution
		HideSolutionNode = FALSE
	EndGlobalSection
	GlobalSection(ExtensibilityGlobals) = postSolution
		SolutionGuid = {2DD955CB-57DA-4129-AB1B-C6F99E4D4B48}
	EndGlobalSection
EndGlobal
